
Microsoft Visual Studio Solution File, Format Version 12.00
# Visual Studio Version 17
VisualStudioVersion = 17.8.34408.163
MinimumVisualStudioVersion = 10.0.40219.1
Project("{FAE04EC0-301F-11D3-BF4B-00C04F79EFBC}") = "Ejercicio_Circulo", "Ejercicio_Circulo.csproj", "{070E5740-F35D-4A7E-B8C8-7A69B962B417}"
EndProject
Global
	GlobalSection(SolutionConfigurationPlatforms) = preSolution
		Debug|Any CPU = Debug|Any CPU
		Release|Any CPU = Release|Any CPU
	EndGlobalSection
	GlobalSection(ProjectConfigurationPlatforms) = postSolution
		{070E5740-F35D-4A7E-B8C8-7A69B962B417}.Debug|Any CPU.ActiveCfg = Debug|Any CPU
		{070E5740-F35D-4A7E-B8C8-7A69B962B417}.Debug|Any CPU.Build.0 = Debug|Any CPU
		{070E5740-F35D-4A7E-B8C8-7A69B962B417}.Release|Any CPU.ActiveCfg = Release|Any CPU
		{070E5740-F35D-4A7E-B8C8-7A69B962B417}.Release|Any CPU.Build.0 = Release|Any CPU
	EndGlobalSection
	GlobalSection(SolutionProperties) = preSolution
		HideSolutionNode = FALSE
	EndGlobalSection
	GlobalSection(ExtensibilityGlobals) = postSolution
		SolutionGuid = {73C1C883-E60A-433A-B1E7-A8A821312DAE}
	EndGlobalSection
EndGlobal
